// !$*UTF8*$!
{
	archiveVersion = 1;
	classes = {
	};
	objectVersion = 46;
	objects = {

/* Begin PBXBuildFile section */
		C100379E1CF60F9E000BC44A /* AppDelegate.swift in Sources */ = {isa = PBXBuildFile; fileRef = C100379D1CF60F9E000BC44A /* AppDelegate.swift */; };
		C10037A01CF60F9E000BC44A /* ViewController.swift in Sources */ = {isa = PBXBuildFile; fileRef = C100379F1CF60F9E000BC44A /* ViewController.swift */; };
		C10037A21CF60F9E000BC44A /* Assets.xcassets in Resources */ = {isa = PBXBuildFile; fileRef = C10037A11CF60F9E000BC44A /* Assets.xcassets */; };
		C10037A51CF60F9E000BC44A /* Main.storyboard in Resources */ = {isa = PBXBuildFile; fileRef = C10037A31CF60F9E000BC44A /* Main.storyboard */; };
		C10037AD1CF6294F000BC44A /* domain.swift in Sources */ = {isa = PBXBuildFile; fileRef = C10037AC1CF6294F000BC44A /* domain.swift */; };
/* End PBXBuildFile section */

/* Begin PBXFileReference section */
		C100379A1CF60F9E000BC44A /* ScrapeMESwiftly.app */ = {isa = PBXFileReference; explicitFileType = wrapper.application; includeInIndex = 0; path = ScrapeMESwiftly.app; sourceTree = BUILT_PRODUCTS_DIR; };
		C100379D1CF60F9E000BC44A /* AppDelegate.swift */ = {isa = PBXFileReference; lastKnownFileType = sourcecode.swift; path = AppDelegate.swift; sourceTree = "<group>"; };
		C100379F1CF60F9E000BC44A /* ViewController.swift */ = {isa = PBXFileReference; lastKnownFileType = sourcecode.swift; path = ViewController.swift; sourceTree = "<group>"; };
		C10037A11CF60F9E000BC44A /* Assets.xcassets */ = {isa = PBXFileReference; lastKnownFileType = folder.assetcatalog; path = Assets.xcassets; sourceTree = "<group>"; };
		C10037A41CF60F9E000BC44A /* Base */ = {isa = PBXFileReference; lastKnownFileType = file.storyboard; name = Base; path = Base.lproj/Main.storyboard; sourceTree = "<group>"; };
		C10037A61CF60F9E000BC44A /* Info.plist */ = {isa = PBXFileReference; lastKnownFileType = text.plist.xml; path = Info.plist; sourceTree = "<group>"; };
		C10037AC1CF6294F000BC44A /* domain.swift */ = {isa = PBXFileReference; fileEncoding = 4; lastKnownFileType = sourcecode.swift; path = domain.swift; sourceTree = "<group>"; };
/* End PBXFileReference section */

/* Begin PBXFrameworksBuildPhase section */
		C10037971CF60F9E000BC44A /* Frameworks */ = {
			isa = PBXFrameworksBuildPhase;
			buildActionMask = 2147483647;
			files = (
			);
			runOnlyForDeploymentPostprocessing = 0;
		};
/* End PBXFrameworksBuildPhase section */

/* Begin PBXGroup section */
		C10037911CF60F9E000BC44A = {
			isa = PBXGroup;
			children = (
				C100379C1CF60F9E000BC44A /* ScrapeMESwiftly */,
				C100379B1CF60F9E000BC44A /* Products */,
			);
			sourceTree = "<group>";
		};
		C100379B1CF60F9E000BC44A /* Products */ = {
			isa = PBXGroup;
			children = (
				C100379A1CF60F9E000BC44A /* ScrapeMESwiftly.app */,
			);
			name = Products;
			sourceTree = "<group>";
		};
		C100379C1CF60F9E000BC44A /* ScrapeMESwiftly */ = {
			isa = PBXGroup;
			children = (
				C100379D1CF60F9E000BC44A /* AppDelegate.swift */,
				C100379F1CF60F9E000BC44A /* ViewController.swift */,
				C10037A11CF60F9E000BC44A /* Assets.xcassets */,
				C10037A31CF60F9E000BC44A /* Main.storyboard */,
				C10037A61CF60F9E000BC44A /* Info.plist */,
				C10037AC1CF6294F000BC44A /* domain.swift */,
			);
			path = ScrapeMESwiftly;
			sourceTree = "<group>";
		};
/* End PBXGroup section */

/* Begin PBXNativeTarget section */
		C10037991CF60F9E000BC44A /* ScrapeMESwiftly */ = {
			isa = PBXNativeTarget;
			buildConfigurationList = C10037A91CF60F9E000BC44A /* Build configuration list for PBXNativeTarget "ScrapeMESwiftly" */;
			buildPhases = (
				C10037961CF60F9E000BC44A /* Sources */,
				C10037971CF60F9E000BC44A /* Frameworks */,
				C10037981CF60F9E000BC44A /* Resources */,
			);
			buildRules = (
			);
			dependencies = (
			);
			name = ScrapeMESwiftly;
			productName = ScrapeMESwiftly;
			productReference = C100379A1CF60F9E000BC44A /* ScrapeMESwiftly.app */;
			productType = "com.apple.product-type.application";
		};
/* End PBXNativeTarget section */

/* Begin PBXProject section */
		C10037921CF60F9E000BC44A /* Project object */ = {
			isa = PBXProject;
			attributes = {
				LastSwiftUpdateCheck = 0730;
				LastUpgradeCheck = 0730;
				ORGANIZATIONNAME = "Samuel Barthelemy";
				TargetAttributes = {
					C10037991CF60F9E000BC44A = {
						CreatedOnToolsVersion = 7.3.1;
					};
				};
			};
			buildConfigurationList = C10037951CF60F9E000BC44A /* Build configuration list for PBXProject "ScrapeMESwiftly" */;
			compatibilityVersion = "Xcode 3.2";
			developmentRegion = English;
			hasScannedForEncodings = 0;
			knownRegions = (
				en,
				Base,
			);
			mainGroup = C10037911CF60F9E000BC44A;
			productRefGroup = C100379B1CF60F9E000BC44A /* Products */;
			projectDirPath = "";
			projectRoot = "";
			targets = (
				C10037991CF60F9E000BC44A /* ScrapeMESwiftly */,
			);
		};
/* End PBXProject section */

/* Begin PBXResourcesBuildPhase section */
		C10037981CF60F9E000BC44A /* Resources */ = {
			isa = PBXResourcesBuildPhase;
			buildActionMask = 2147483647;
			files = (
				C10037A21CF60F9E000BC44A /* Assets.xcassets in Resources */,
				C10037A51CF60F9E000BC44A /* Main.storyboard in Resources */,
			);
			runOnlyForDeploymentPostprocessing = 0;
		};
/* End PBXResourcesBuildPhase section */

/* Begin PBXSourcesBuildPhase section */
		C10037961CF60F9E000BC44A /* Sources */ = {
			isa = PBXSourcesBuildPhase;
			buildActionMask = 2147483647;
			files = (
				C10037A01CF60F9E000BC44A /* ViewController.swift in Sources */,
				C100379E1CF60F9E000BC44A /* AppDelegate.swift in Sources */,
				C10037AD1CF6294F000BC44A /* domain.swift in Sources */,
			);
			runOnlyForDeploymentPostprocessing = 0;
		};
/* End PBXSourcesBuildPhase section */

/* Begin PBXVariantGroup section */
		C10037A31CF60F9E000BC44A /* Main.storyboard */ = {
			isa = PBXVariantGroup;
			children = (
				C10037A41CF60F9E000BC44A /* Base */,
			);
			name = Main.storyboard;
			sourceTree = "<group>";
		};
/* End PBXVariantGroup section */

/* Begin XCBuildConfiguration section */
		C10037A71CF60F9E000BC44A /* Debug */ = {
			isa = XCBuildConfiguration;
			buildSettings = {
				ALWAYS_SEARCH_USER_PATHS = NO;
				CLANG_ANALYZER_NONNULL = YES;
				CLANG_CXX_LANGUAGE_STANDARD = "gnu++0x";
				CLANG_CXX_LIBRARY = "libc++";
				CLANG_ENABLE_MODULES = YES;
				CLANG_ENABLE_OBJC_ARC = YES;
				CLANG_WARN_BOOL_CONVERSION = YES;
				CLANG_WARN_CONSTANT_CONVERSION = YES;
				CLANG_WARN_DIRECT_OBJC_ISA_USAGE = YES_ERROR;
				CLANG_WARN_EMPTY_BODY = YES;
				CLANG_WARN_ENUM_CONVERSION = YES;
				CLANG_WARN_INT_CONVERSION = YES;
				CLANG_WARN_OBJC_ROOT_CLASS = YES_ERROR;
				CLANG_WARN_UNREACHABLE_CODE = YES;
				CLANG_WARN__DUPLICATE_METHOD_MATCH = YES;
				CODE_SIGN_IDENTITY = "-";
				COPY_PHASE_STRIP = NO;
				DEBUG_INFORMATION_FORMAT = dwarf;
				ENABLE_STRICT_OBJC_MSGSEND = YES;
				ENABLE_TESTABILITY = YES;
				GCC_C_LANGUAGE_STANDARD = gnu99;
				GCC_DYNAMIC_NO_PIC = NO;
				GCC_NO_COMMON_BLOCKS = YES;
				GCC_OPTIMIZATION_LEVEL = 0;
				GCC_PREPROCESSOR_DEFINITIONS = (
					"DEBUG=1",
					"$(inherited)",
				);
				GCC_WARN_64_TO_32_BIT_CONVERSION = YES;
				GCC_WARN_ABOUT_RETURN_TYPE = YES_ERROR;
				GCC_WARN_UNDECLARED_SELECTOR = YES;
				GCC_WARN_UNINITIALIZED_AUTOS = YES_AGGRESSIVE;
				GCC_WARN_UNUSED_FUNCTION = YES;
				GCC_WARN_UNUSED_VARIABLE = YES;
				MACOSX_DEPLOYMENT_TARGET = 10.11;
				MTL_ENABLE_DEBUG_INFO = YES;
				ONLY_ACTIVE_ARCH = YES;
				SDKROOT = macosx;
				SWIFT_OPTIMIZATION_LEVEL = "-Onone";
			};
			name = Debug;
		};
		C10037A81CF60F9E000BC44A /* Release */ = {
			isa = XCBuildConfiguration;
			buildSettings = {
				ALWAYS_SEARCH_USER_PATHS = NO;
				CLANG_ANALYZER_NONNULL = YES;
				CLANG_CXX_LANGUAGE_STANDARD = "gnu++0x";
				CLANG_CXX_LIBRARY = "libc++";
				CLANG_ENABLE_MODULES = YES;
				CLANG_ENABLE_OBJC_ARC = YES;
				CLANG_WARN_BOOL_CONVERSION = YES;
				CLANG_WARN_CONSTANT_CONVERSION = YES;
				CLANG_WARN_DIRECT_OBJC_ISA_USAGE = YES_ERROR;
				CLANG_WARN_EMPTY_BODY = YES;
				CLANG_WARN_ENUM_CONVERSION = YES;
				CLANG_WARN_INT_CONVERSION = YES;
				CLANG_WARN_OBJC_ROOT_CLASS = YES_ERROR;
				CLANG_WARN_UNREACHABLE_CODE = YES;
				CLANG_WARN__DUPLICATE_METHOD_MATCH = YES;
				CODE_SIGN_IDENTITY = "-";
				COPY_PHASE_STRIP = NO;
				DEBUG_INFORMATION_FORMAT = "dwarf-with-dsym";
				ENABLE_NS_ASSERTIONS = NO;
				ENABLE_STRICT_OBJC_MSGSEND = YES;
				GCC_C_LANGUAGE_STANDARD = gnu99;
				GCC_NO_COMMON_BLOCKS = YES;
				GCC_WARN_64_TO_32_BIT_CONVERSION = YES;
				GCC_WARN_ABOUT_RETURN_TYPE = YES_ERROR;
				GCC_WARN_UNDECLARED_SELECTOR = YES;
				GCC_WARN_UNINITIALIZED_AUTOS = YES_AGGRESSIVE;
				GCC_WARN_UNUSED_FUNCTION = YES;
				GCC_WARN_UNUSED_VARIABLE = YES;
				MACOSX_DEPLOYMENT_TARGET = 10.11;
				MTL_ENABLE_DEBUG_INFO = NO;
				SDKROOT = macosx;
			};
			name = Release;
		};
		C10037AA1CF60F9E000BC44A /* Debug */ = {
			isa = XCBuildConfiguration;
			buildSettings = {
				ASSETCATALOG_COMPILER_APPICON_NAME = AppIcon;
				COMBINE_HIDPI_IMAGES = YES;
				INFOPLIST_FILE = ScrapeMESwiftly/Info.plist;
				LD_RUNPATH_SEARCH_PATHS = "$(inherited) @executable_path/../Frameworks";
				PRODUCT_BUNDLE_IDENTIFIER = net.bartimus.ScrapeMESwiftly;
				PRODUCT_NAME = "$(TARGET_NAME)";
			};
			name = Debug;
		};
		C10037AB1CF60F9E000BC44A /* Release */ = {
			isa = XCBuildConfiguration;
			buildSettings = {
				ASSETCATALOG_COMPILER_APPICON_NAME = AppIcon;
				COMBINE_HIDPI_IMAGES = YES;
				INFOPLIST_FILE = ScrapeMESwiftly/Info.plist;
				LD_RUNPATH_SEARCH_PATHS = "$(inherited) @executable_path/../Frameworks";
				PRODUCT_BUNDLE_IDENTIFIER = net.bartimus.ScrapeMESwiftly;
				PRODUCT_NAME = "$(TARGET_NAME)";
			};
			name = Release;
		};
/* End XCBuildConfiguration section */

/* Begin XCConfigurationList section */
		C10037951CF60F9E000BC44A /* Build configuration list for PBXProject "ScrapeMESwiftly" */ = {
			isa = XCConfigurationList;
			buildConfigurations = (
				C10037A71CF60F9E000BC44A /* Debug */,
				C10037A81CF60F9E000BC44A /* Release */,
			);
			defaultConfigurationIsVisible = 0;
			defaultConfigurationName = Release;
		};
		C10037A91CF60F9E000BC44A /* Build configuration list for PBXNativeTarget "ScrapeMESwiftly" */ = {
			isa = XCConfigurationList;
			buildConfigurations = (
				C10037AA1CF60F9E000BC44A /* Debug */,
				C10037AB1CF60F9E000BC44A /* Release */,
			);
			defaultConfigurationIsVisible = 0;
			defaultConfigurationName = Release;
		};
/* End XCConfigurationList section */
	};
	rootObject = C10037921CF60F9E000BC44A /* Project object */;
}
