// !$*UTF8*$!
{
	archiveVersion = 1;
	classes = {
	};
	objectVersion = 47;
	objects = {

/* Begin PBXBuildFile section */
		C15009931CF3CDAC00A3F5E6 /* domain.swift in Sources */ = {isa = PBXBuildFile; fileRef = C15009921CF3CDAC00A3F5E6 /* domain.swift */; };
		C16503071CF3F75F00A06C63 /* Fuzi.framework in Frameworks */ = {isa = PBXBuildFile; fileRef = C16503061CF3F75F00A06C63 /* Fuzi.framework */; };
		C1DC32F81CF3BD24004B2A5F /* main.swift in Sources */ = {isa = PBXBuildFile; fileRef = C1DC32F71CF3BD24004B2A5F /* main.swift */; };
/* End PBXBuildFile section */

/* Begin PBXBuildRule section */
		C17E431F1CF49F0E0073A5A0 /* PBXBuildRule */ = {
			isa = PBXBuildRule;
			compilerSpec = com.apple.compilers.proxy.script;
			fileType = text.plist.strings;
			isEditable = 1;
			outputFiles = (
			);
			script = "# builtin-copyStrings\n";
		};
/* End PBXBuildRule section */

/* Begin PBXCopyFilesBuildPhase section */
		C1DC32F21CF3BD24004B2A5F /* CopyFiles */ = {
			isa = PBXCopyFilesBuildPhase;
			buildActionMask = 2147483647;
			dstPath = /usr/share/man/man1/;
			dstSubfolderSpec = 0;
			files = (
			);
			runOnlyForDeploymentPostprocessing = 1;
		};
/* End PBXCopyFilesBuildPhase section */

/* Begin PBXFileReference section */
		C15009921CF3CDAC00A3F5E6 /* domain.swift */ = {isa = PBXFileReference; fileEncoding = 4; lastKnownFileType = sourcecode.swift; path = domain.swift; sourceTree = "<group>"; };
		C16503061CF3F75F00A06C63 /* Fuzi.framework */ = {isa = PBXFileReference; lastKnownFileType = wrapper.framework; name = Fuzi.framework; path = Carthage/Build/Mac/Fuzi.framework; sourceTree = "<group>"; };
		C1DC32F41CF3BD24004B2A5F /* ScrapeME */ = {isa = PBXFileReference; explicitFileType = "compiled.mach-o.executable"; includeInIndex = 0; path = ScrapeME; sourceTree = BUILT_PRODUCTS_DIR; };
		C1DC32F71CF3BD24004B2A5F /* main.swift */ = {isa = PBXFileReference; lastKnownFileType = sourcecode.swift; path = main.swift; sourceTree = "<group>"; };
/* End PBXFileReference section */

/* Begin PBXFrameworksBuildPhase section */
		C1DC32F11CF3BD24004B2A5F /* Frameworks */ = {
			isa = PBXFrameworksBuildPhase;
			buildActionMask = 2147483647;
			files = (
				C16503071CF3F75F00A06C63 /* Fuzi.framework in Frameworks */,
			);
			runOnlyForDeploymentPostprocessing = 0;
		};
/* End PBXFrameworksBuildPhase section */

/* Begin PBXGroup section */
		C1DC32EB1CF3BD24004B2A5F = {
			isa = PBXGroup;
			children = (
				C16503061CF3F75F00A06C63 /* Fuzi.framework */,
				C1DC32F61CF3BD24004B2A5F /* ScrapeME */,
				C1DC32F51CF3BD24004B2A5F /* Products */,
			);
			sourceTree = "<group>";
		};
		C1DC32F51CF3BD24004B2A5F /* Products */ = {
			isa = PBXGroup;
			children = (
				C1DC32F41CF3BD24004B2A5F /* ScrapeME */,
			);
			name = Products;
			sourceTree = "<group>";
		};
		C1DC32F61CF3BD24004B2A5F /* ScrapeME */ = {
			isa = PBXGroup;
			children = (
				C1DC32F71CF3BD24004B2A5F /* main.swift */,
				C15009921CF3CDAC00A3F5E6 /* domain.swift */,
			);
			path = ScrapeME;
			sourceTree = "<group>";
		};
/* End PBXGroup section */

/* Begin PBXNativeTarget section */
		C1DC32F31CF3BD24004B2A5F /* ScrapeME */ = {
			isa = PBXNativeTarget;
			buildConfigurationList = C1DC32FB1CF3BD24004B2A5F /* Build configuration list for PBXNativeTarget "ScrapeME" */;
			buildPhases = (
				C1DC32F01CF3BD24004B2A5F /* Sources */,
				C1DC32F11CF3BD24004B2A5F /* Frameworks */,
				C1DC32F21CF3BD24004B2A5F /* CopyFiles */,
			);
			buildRules = (
				C17E431F1CF49F0E0073A5A0 /* PBXBuildRule */,
			);
			dependencies = (
			);
			name = ScrapeME;
			productName = ScrapeME;
			productReference = C1DC32F41CF3BD24004B2A5F /* ScrapeME */;
			productType = "com.apple.product-type.tool";
		};
/* End PBXNativeTarget section */

/* Begin PBXProject section */
		C1DC32EC1CF3BD24004B2A5F /* Project object */ = {
			isa = PBXProject;
			attributes = {
				LastSwiftUpdateCheck = 0730;
				LastUpgradeCheck = 0730;
				ORGANIZATIONNAME = "Samuel Barthelemy";
				TargetAttributes = {
					C1DC32F31CF3BD24004B2A5F = {
						CreatedOnToolsVersion = 7.3.1;
					};
				};
			};
			buildConfigurationList = C1DC32EF1CF3BD24004B2A5F /* Build configuration list for PBXProject "ScrapeME" */;
			compatibilityVersion = "Xcode 6.3";
			developmentRegion = English;
			hasScannedForEncodings = 0;
			knownRegions = (
				en,
			);
			mainGroup = C1DC32EB1CF3BD24004B2A5F;
			productRefGroup = C1DC32F51CF3BD24004B2A5F /* Products */;
			projectDirPath = "";
			projectRoot = "";
			targets = (
				C1DC32F31CF3BD24004B2A5F /* ScrapeME */,
			);
		};
/* End PBXProject section */

/* Begin PBXSourcesBuildPhase section */
		C1DC32F01CF3BD24004B2A5F /* Sources */ = {
			isa = PBXSourcesBuildPhase;
			buildActionMask = 2147483647;
			files = (
				C15009931CF3CDAC00A3F5E6 /* domain.swift in Sources */,
				C1DC32F81CF3BD24004B2A5F /* main.swift in Sources */,
			);
			runOnlyForDeploymentPostprocessing = 0;
		};
/* End PBXSourcesBuildPhase section */

/* Begin XCBuildConfiguration section */
		C1DC32F91CF3BD24004B2A5F /* Debug */ = {
			isa = XCBuildConfiguration;
			buildSettings = {
				ALWAYS_SEARCH_USER_PATHS = NO;
				CLANG_ANALYZER_NONNULL = YES;
				CLANG_CXX_LANGUAGE_STANDARD = "gnu++0x";
				CLANG_CXX_LIBRARY = "libc++";
				CLANG_ENABLE_MODULES = YES;
				CLANG_ENABLE_OBJC_ARC = YES;
				CLANG_WARN_BOOL_CONVERSION = YES;
				CLANG_WARN_CONSTANT_CONVERSION = YES;
				CLANG_WARN_DIRECT_OBJC_ISA_USAGE = YES_ERROR;
				CLANG_WARN_EMPTY_BODY = YES;
				CLANG_WARN_ENUM_CONVERSION = YES;
				CLANG_WARN_INT_CONVERSION = YES;
				CLANG_WARN_OBJC_ROOT_CLASS = YES_ERROR;
				CLANG_WARN_UNREACHABLE_CODE = YES;
				CLANG_WARN__DUPLICATE_METHOD_MATCH = YES;
				CODE_SIGN_IDENTITY = "-";
				COPY_PHASE_STRIP = NO;
				DEBUG_INFORMATION_FORMAT = dwarf;
				EMBEDDED_CONTENT_CONTAINS_SWIFT = YES;
				EMBED_ASSET_PACKS_IN_PRODUCT_BUNDLE = YES;
				ENABLE_STRICT_OBJC_MSGSEND = YES;
				ENABLE_TESTABILITY = NO;
				FRAMEWORK_SEARCH_PATHS = "@executable_path/Frameworks";
				GCC_C_LANGUAGE_STANDARD = gnu99;
				GCC_DYNAMIC_NO_PIC = NO;
				GCC_NO_COMMON_BLOCKS = YES;
				GCC_OPTIMIZATION_LEVEL = 0;
				GCC_PREPROCESSOR_DEFINITIONS = (
					"DEBUG=1",
					"$(inherited)",
				);
				GCC_WARN_64_TO_32_BIT_CONVERSION = YES;
				GCC_WARN_ABOUT_RETURN_TYPE = YES_ERROR;
				GCC_WARN_UNDECLARED_SELECTOR = YES;
				GCC_WARN_UNINITIALIZED_AUTOS = YES_AGGRESSIVE;
				GCC_WARN_UNUSED_FUNCTION = YES;
				GCC_WARN_UNUSED_VARIABLE = YES;
				LD_RUNPATH_SEARCH_PATHS = "$(inherited) @loader_path/Frameworks @executable_path/Frameworks";
				MACOSX_DEPLOYMENT_TARGET = 10.11;
				MTL_ENABLE_DEBUG_INFO = YES;
				ONLY_ACTIVE_ARCH = YES;
				SDKROOT = macosx;
				SWIFT_OPTIMIZATION_LEVEL = "-O";
			};
			name = Debug;
		};
		C1DC32FA1CF3BD24004B2A5F /* Release */ = {
			isa = XCBuildConfiguration;
			buildSettings = {
				ALWAYS_SEARCH_USER_PATHS = NO;
				CLANG_ANALYZER_NONNULL = YES;
				CLANG_CXX_LANGUAGE_STANDARD = "gnu++0x";
				CLANG_CXX_LIBRARY = "libc++";
				CLANG_ENABLE_MODULES = YES;
				CLANG_ENABLE_OBJC_ARC = YES;
				CLANG_WARN_BOOL_CONVERSION = YES;
				CLANG_WARN_CONSTANT_CONVERSION = YES;
				CLANG_WARN_DIRECT_OBJC_ISA_USAGE = YES_ERROR;
				CLANG_WARN_EMPTY_BODY = YES;
				CLANG_WARN_ENUM_CONVERSION = YES;
				CLANG_WARN_INT_CONVERSION = YES;
				CLANG_WARN_OBJC_ROOT_CLASS = YES_ERROR;
				CLANG_WARN_UNREACHABLE_CODE = YES;
				CLANG_WARN__DUPLICATE_METHOD_MATCH = YES;
				CODE_SIGN_IDENTITY = "-";
				COPY_PHASE_STRIP = NO;
				DEBUG_INFORMATION_FORMAT = "dwarf-with-dsym";
				EMBEDDED_CONTENT_CONTAINS_SWIFT = YES;
				EMBED_ASSET_PACKS_IN_PRODUCT_BUNDLE = YES;
				ENABLE_NS_ASSERTIONS = NO;
				ENABLE_STRICT_OBJC_MSGSEND = YES;
				ENABLE_TESTABILITY = NO;
				FRAMEWORK_SEARCH_PATHS = "@executable_path/Frameworks";
				GCC_C_LANGUAGE_STANDARD = gnu99;
				GCC_NO_COMMON_BLOCKS = YES;
				GCC_WARN_64_TO_32_BIT_CONVERSION = YES;
				GCC_WARN_ABOUT_RETURN_TYPE = YES_ERROR;
				GCC_WARN_UNDECLARED_SELECTOR = YES;
				GCC_WARN_UNINITIALIZED_AUTOS = YES_AGGRESSIVE;
				GCC_WARN_UNUSED_FUNCTION = YES;
				GCC_WARN_UNUSED_VARIABLE = YES;
				LD_RUNPATH_SEARCH_PATHS = "$(inherited) @loader_path/Frameworks @executable_path/Frameworks";
				MACOSX_DEPLOYMENT_TARGET = 10.11;
				MTL_ENABLE_DEBUG_INFO = NO;
				SDKROOT = macosx;
			};
			name = Release;
		};
		C1DC32FC1CF3BD24004B2A5F /* Debug */ = {
			isa = XCBuildConfiguration;
			buildSettings = {
				ALWAYS_SEARCH_USER_PATHS = YES;
				EMBEDDED_CONTENT_CONTAINS_SWIFT = YES;
				EMBED_ASSET_PACKS_IN_PRODUCT_BUNDLE = NO;
				ENABLE_ON_DEMAND_RESOURCES = NO;
				FRAMEWORK_SEARCH_PATHS = "$(PROJECT_DIR)/Carthage/Build/Mac";
				HEADER_SEARCH_PATHS = "$(SDKROOT)/usr/include/libxml2";
				LD_RUNPATH_SEARCH_PATHS = /Library/Developer/CommandLineTools/usr/lib/swift/macosx/;
				LIBRARY_SEARCH_PATHS = (
					"$(inherited)",
					"$(SDKROOT)/usr/lib/system",
					"$(SDKROOT)/usr/lib/system/introspection",
					"$(SDKROOT)/usr/lib/dtrace",
					"$(SDKROOT)/usr/lib/python2.6/config",
					"$(SDKROOT)/usr/lib/python2.7/config",
				);
				PRODUCT_NAME = "$(TARGET_NAME)";
				REEXPORTED_LIBRARY_PATHS = "";
			};
			name = Debug;
		};
		C1DC32FD1CF3BD24004B2A5F /* Release */ = {
			isa = XCBuildConfiguration;
			buildSettings = {
				ALWAYS_SEARCH_USER_PATHS = YES;
				EMBEDDED_CONTENT_CONTAINS_SWIFT = YES;
				EMBED_ASSET_PACKS_IN_PRODUCT_BUNDLE = NO;
				ENABLE_ON_DEMAND_RESOURCES = NO;
				FRAMEWORK_SEARCH_PATHS = "$(PROJECT_DIR)/Carthage/Build/Mac";
				HEADER_SEARCH_PATHS = "$(SDKROOT)/usr/include/libxml2";
				LD_RUNPATH_SEARCH_PATHS = /Library/Developer/CommandLineTools/usr/lib/swift/macosx/;
				LIBRARY_SEARCH_PATHS = (
					"$(inherited)",
					"$(SDKROOT)/usr/lib/system",
					"$(SDKROOT)/usr/lib/system/introspection",
					"$(SDKROOT)/usr/lib/dtrace",
					"$(SDKROOT)/usr/lib/python2.6/config",
					"$(SDKROOT)/usr/lib/python2.7/config",
				);
				PRODUCT_NAME = "$(TARGET_NAME)";
				REEXPORTED_LIBRARY_PATHS = "";
			};
			name = Release;
		};
/* End XCBuildConfiguration section */

/* Begin XCConfigurationList section */
		C1DC32EF1CF3BD24004B2A5F /* Build configuration list for PBXProject "ScrapeME" */ = {
			isa = XCConfigurationList;
			buildConfigurations = (
				C1DC32F91CF3BD24004B2A5F /* Debug */,
				C1DC32FA1CF3BD24004B2A5F /* Release */,
			);
			defaultConfigurationIsVisible = 0;
			defaultConfigurationName = Release;
		};
		C1DC32FB1CF3BD24004B2A5F /* Build configuration list for PBXNativeTarget "ScrapeME" */ = {
			isa = XCConfigurationList;
			buildConfigurations = (
				C1DC32FC1CF3BD24004B2A5F /* Debug */,
				C1DC32FD1CF3BD24004B2A5F /* Release */,
			);
			defaultConfigurationIsVisible = 0;
			defaultConfigurationName = Release;
		};
/* End XCConfigurationList section */
	};
	rootObject = C1DC32EC1CF3BD24004B2A5F /* Project object */;
}
